
Microsoft Visual Studio Solution File, Format Version 12.00
# Visual Studio Version 17
VisualStudioVersion = 17.13.35931.197
MinimumVisualStudioVersion = 10.0.40219.1
Project("{2150E333-8FDC-42A3-9474-1A3956D46DE8}") = "Task0", "Task0", "{02EA681E-C7D8-13C7-8484-4AC65E1B71E8}"
EndProject
Project("{FAE04EC0-301F-11D3-BF4B-00C04F79EFBC}") = "Tyuiu.NazarovAA.Sprint2.Task0.V12", "Tyuiu.NazarovAA.Sprint2.Task0.V12\Tyuiu.NazarovAA.Sprint2.Task0.V12.csproj", "{67AD59BC-616E-4BCA-AEC1-45717803517D}"
EndProject
Project("{FAE04EC0-301F-11D3-BF4B-00C04F79EFBC}") = "Tyuiu.NazarovAA.Sprint2.Task0.V12.Lib", "Tyuiu.NazarovAA.Sprint2.Task0.V12.Lib\Tyuiu.NazarovAA.Sprint2.Task0.V12.Lib.csproj", "{92F375CB-44DE-4586-B197-DC8834D11F19}"
EndProject
Project("{FAE04EC0-301F-11D3-BF4B-00C04F79EFBC}") = "Tyuiu.NazarovAA.Sprint2.Task0.V12.Test", "Tyuiu.NazarovAA.Sprint2.Task0.V12.Test\Tyuiu.NazarovAA.Sprint2.Task0.V12.Test.csproj", "{A1596F20-925A-407E-8444-AB5FE09E4052}"
EndProject
Project("{2150E333-8FDC-42A3-9474-1A3956D46DE8}") = "Task1", "Task1", "{E6FCE33E-A633-4AD7-9F20-4959396FABE8}"
EndProject
Project("{FAE04EC0-301F-11D3-BF4B-00C04F79EFBC}") = "Tyuiu.NazarovAA.Sprint2.Task1.V27", "Tyuiu.NazarovAA.Sprint2.Task1.V27\Tyuiu.NazarovAA.Sprint2.Task1.V27.csproj", "{3EDBBBA2-8A3C-403A-A721-0E13DD2AA4E0}"
EndProject
Project("{FAE04EC0-301F-11D3-BF4B-00C04F79EFBC}") = "Tyuiu.NazarovAA.Sprint2.Task1.V27.Lib", "Tyuiu.NazarovAA.Sprint2.Task1.V27.Lib\Tyuiu.NazarovAA.Sprint2.Task1.V27.Lib.csproj", "{1C2B3B65-7368-4341-875C-A9C91E27AA08}"
EndProject
Project("{FAE04EC0-301F-11D3-BF4B-00C04F79EFBC}") = "Tyuiu.NazarovAA.Sprint2.Task1.V27.Test", "Tyuiu.NazarovAA.Sprint2.Task1.V27.Test\Tyuiu.NazarovAA.Sprint2.Task1.V27.Test.csproj", "{2C6FC8B8-7ED5-48DD-B189-84AA2CD6ACA9}"
EndProject
Project("{2150E333-8FDC-42A3-9474-1A3956D46DE8}") = "Task2", "Task2", "{45E8FB8D-E5F3-4F6A-B091-90EAFA41F3CA}"
EndProject
Project("{FAE04EC0-301F-11D3-BF4B-00C04F79EFBC}") = "Tyuiu.NazarovAA.Sprint2.Task2.V27", "Tyuiu.NazarovAA.Sprint2.Task2.V27\Tyuiu.NazarovAA.Sprint2.Task2.V27.csproj", "{F77AFE4D-F88C-4E73-BEC7-A43E70C4D9F9}"
EndProject
Project("{FAE04EC0-301F-11D3-BF4B-00C04F79EFBC}") = "Tyuiu.NazarovAA.Sprint2.Task2.V27.Lib", "Tyuiu.NazarovAA.Sprint2.Task2.V27.Lib\Tyuiu.NazarovAA.Sprint2.Task2.V27.Lib.csproj", "{27615933-CCE4-4FF6-9B2A-760C1D29E752}"
EndProject
Project("{FAE04EC0-301F-11D3-BF4B-00C04F79EFBC}") = "Tyuiu.NazarovAA.Sprint2.Task2.V27.Test", "Tyuiu.NazarovAA.Sprint2.Task2.V27.Test\Tyuiu.NazarovAA.Sprint2.Task2.V27.Test.csproj", "{8203DCE3-8814-4C6B-AEB3-D22739C19853}"
EndProject
Project("{2150E333-8FDC-42A3-9474-1A3956D46DE8}") = "Task3", "Task3", "{F8E2F88B-66D8-4BC7-B99A-C368F6881F6C}"
EndProject
Project("{FAE04EC0-301F-11D3-BF4B-00C04F79EFBC}") = "Tyuiu.NazarovAA.Sprint2.Task3.V1", "Tyuiu.NazarovAA.Sprint2.Task3.V1\Tyuiu.NazarovAA.Sprint2.Task3.V1.csproj", "{09243D4F-98FA-4473-B176-8C02BD0100F3}"
EndProject
Project("{FAE04EC0-301F-11D3-BF4B-00C04F79EFBC}") = "Tyuiu.NazarovAA.Sprint2.Task3.V1.Lib", "Tyuiu.NazarovAA.Sprint2.Task3.V1.Lib\Tyuiu.NazarovAA.Sprint2.Task3.V1.Lib.csproj", "{D40D8657-3525-4F82-8CCB-9B7A302C2174}"
EndProject
Project("{FAE04EC0-301F-11D3-BF4B-00C04F79EFBC}") = "Tyuiu.NazarovAA.Sprint2.Task3.V1.Test", "Tyuiu.NazarovAA.Sprint2.Task3.V1.Test\Tyuiu.NazarovAA.Sprint2.Task3.V1.Test.csproj", "{8089A911-1AE6-4E61-97FD-66EE6D475EC4}"
EndProject
Project("{2150E333-8FDC-42A3-9474-1A3956D46DE8}") = "Task4", "Task4", "{93F093C5-082B-455D-83F8-954D758679E8}"
EndProject
Project("{FAE04EC0-301F-11D3-BF4B-00C04F79EFBC}") = "Tyuiu.NazarovAA.Sprint2.Task4.V15", "Tyuiu.NazarovAA.Sprint2.Task4.V15\Tyuiu.NazarovAA.Sprint2.Task4.V15.csproj", "{0A273FF9-8A5B-4F53-8B4D-718075C6D622}"
EndProject
Project("{FAE04EC0-301F-11D3-BF4B-00C04F79EFBC}") = "Tyuiu.NazarovAA.Sprint2.Task4.V15.Lib", "Tyuiu.NazarovAA.Sprint2.Task4.V15.Lib\Tyuiu.NazarovAA.Sprint2.Task4.V15.Lib.csproj", "{E4E4C23B-EB35-4A4D-A069-7E873F2E83F7}"
EndProject
Project("{FAE04EC0-301F-11D3-BF4B-00C04F79EFBC}") = "Tyuiu.NazarovAA.Sprint2.Task4.V15.Test", "Tyuiu.NazarovAA.Sprint2.Task4.V15.Test\Tyuiu.NazarovAA.Sprint2.Task4.V15.Test.csproj", "{7D533204-304A-48C6-A995-908136F1DA72}"
EndProject
Global
	GlobalSection(SolutionConfigurationPlatforms) = preSolution
		Debug|Any CPU = Debug|Any CPU
		Release|Any CPU = Release|Any CPU
	EndGlobalSection
	GlobalSection(ProjectConfigurationPlatforms) = postSolution
		{67AD59BC-616E-4BCA-AEC1-45717803517D}.Debug|Any CPU.ActiveCfg = Debug|Any CPU
		{67AD59BC-616E-4BCA-AEC1-45717803517D}.Debug|Any CPU.Build.0 = Debug|Any CPU
		{67AD59BC-616E-4BCA-AEC1-45717803517D}.Release|Any CPU.ActiveCfg = Release|Any CPU
		{67AD59BC-616E-4BCA-AEC1-45717803517D}.Release|Any CPU.Build.0 = Release|Any CPU
		{92F375CB-44DE-4586-B197-DC8834D11F19}.Debug|Any CPU.ActiveCfg = Debug|Any CPU
		{92F375CB-44DE-4586-B197-DC8834D11F19}.Debug|Any CPU.Build.0 = Debug|Any CPU
		{92F375CB-44DE-4586-B197-DC8834D11F19}.Release|Any CPU.ActiveCfg = Release|Any CPU
		{92F375CB-44DE-4586-B197-DC8834D11F19}.Release|Any CPU.Build.0 = Release|Any CPU
		{A1596F20-925A-407E-8444-AB5FE09E4052}.Debug|Any CPU.ActiveCfg = Debug|Any CPU
		{A1596F20-925A-407E-8444-AB5FE09E4052}.Debug|Any CPU.Build.0 = Debug|Any CPU
		{A1596F20-925A-407E-8444-AB5FE09E4052}.Release|Any CPU.ActiveCfg = Release|Any CPU
		{A1596F20-925A-407E-8444-AB5FE09E4052}.Release|Any CPU.Build.0 = Release|Any CPU
		{3EDBBBA2-8A3C-403A-A721-0E13DD2AA4E0}.Debug|Any CPU.ActiveCfg = Debug|Any CPU
		{3EDBBBA2-8A3C-403A-A721-0E13DD2AA4E0}.Debug|Any CPU.Build.0 = Debug|Any CPU
		{3EDBBBA2-8A3C-403A-A721-0E13DD2AA4E0}.Release|Any CPU.ActiveCfg = Release|Any CPU
		{3EDBBBA2-8A3C-403A-A721-0E13DD2AA4E0}.Release|Any CPU.Build.0 = Release|Any CPU
		{1C2B3B65-7368-4341-875C-A9C91E27AA08}.Debug|Any CPU.ActiveCfg = Debug|Any CPU
		{1C2B3B65-7368-4341-875C-A9C91E27AA08}.Debug|Any CPU.Build.0 = Debug|Any CPU
		{1C2B3B65-7368-4341-875C-A9C91E27AA08}.Release|Any CPU.ActiveCfg = Release|Any CPU
		{1C2B3B65-7368-4341-875C-A9C91E27AA08}.Release|Any CPU.Build.0 = Release|Any CPU
		{2C6FC8B8-7ED5-48DD-B189-84AA2CD6ACA9}.Debug|Any CPU.ActiveCfg = Debug|Any CPU
		{2C6FC8B8-7ED5-48DD-B189-84AA2CD6ACA9}.Debug|Any CPU.Build.0 = Debug|Any CPU
		{2C6FC8B8-7ED5-48DD-B189-84AA2CD6ACA9}.Release|Any CPU.ActiveCfg = Release|Any CPU
		{2C6FC8B8-7ED5-48DD-B189-84AA2CD6ACA9}.Release|Any CPU.Build.0 = Release|Any CPU
		{F77AFE4D-F88C-4E73-BEC7-A43E70C4D9F9}.Debug|Any CPU.ActiveCfg = Debug|Any CPU
		{F77AFE4D-F88C-4E73-BEC7-A43E70C4D9F9}.Debug|Any CPU.Build.0 = Debug|Any CPU
		{F77AFE4D-F88C-4E73-BEC7-A43E70C4D9F9}.Release|Any CPU.ActiveCfg = Release|Any CPU
		{F77AFE4D-F88C-4E73-BEC7-A43E70C4D9F9}.Release|Any CPU.Build.0 = Release|Any CPU
		{27615933-CCE4-4FF6-9B2A-760C1D29E752}.Debug|Any CPU.ActiveCfg = Debug|Any CPU
		{27615933-CCE4-4FF6-9B2A-760C1D29E752}.Debug|Any CPU.Build.0 = Debug|Any CPU
		{27615933-CCE4-4FF6-9B2A-760C1D29E752}.Release|Any CPU.ActiveCfg = Release|Any CPU
		{27615933-CCE4-4FF6-9B2A-760C1D29E752}.Release|Any CPU.Build.0 = Release|Any CPU
		{8203DCE3-8814-4C6B-AEB3-D22739C19853}.Debug|Any CPU.ActiveCfg = Debug|Any CPU
		{8203DCE3-8814-4C6B-AEB3-D22739C19853}.Debug|Any CPU.Build.0 = Debug|Any CPU
		{8203DCE3-8814-4C6B-AEB3-D22739C19853}.Release|Any CPU.ActiveCfg = Release|Any CPU
		{8203DCE3-8814-4C6B-AEB3-D22739C19853}.Release|Any CPU.Build.0 = Release|Any CPU
		{09243D4F-98FA-4473-B176-8C02BD0100F3}.Debug|Any CPU.ActiveCfg = Debug|Any CPU
		{09243D4F-98FA-4473-B176-8C02BD0100F3}.Debug|Any CPU.Build.0 = Debug|Any CPU
		{09243D4F-98FA-4473-B176-8C02BD0100F3}.Release|Any CPU.ActiveCfg = Release|Any CPU
		{09243D4F-98FA-4473-B176-8C02BD0100F3}.Release|Any CPU.Build.0 = Release|Any CPU
		{D40D8657-3525-4F82-8CCB-9B7A302C2174}.Debug|Any CPU.ActiveCfg = Debug|Any CPU
		{D40D8657-3525-4F82-8CCB-9B7A302C2174}.Debug|Any CPU.Build.0 = Debug|Any CPU
		{D40D8657-3525-4F82-8CCB-9B7A302C2174}.Release|Any CPU.ActiveCfg = Release|Any CPU
		{D40D8657-3525-4F82-8CCB-9B7A302C2174}.Release|Any CPU.Build.0 = Release|Any CPU
		{8089A911-1AE6-4E61-97FD-66EE6D475EC4}.Debug|Any CPU.ActiveCfg = Debug|Any CPU
		{8089A911-1AE6-4E61-97FD-66EE6D475EC4}.Debug|Any CPU.Build.0 = Debug|Any CPU
		{8089A911-1AE6-4E61-97FD-66EE6D475EC4}.Release|Any CPU.ActiveCfg = Release|Any CPU
		{8089A911-1AE6-4E61-97FD-66EE6D475EC4}.Release|Any CPU.Build.0 = Release|Any CPU
		{0A273FF9-8A5B-4F53-8B4D-718075C6D622}.Debug|Any CPU.ActiveCfg = Debug|Any CPU
		{0A273FF9-8A5B-4F53-8B4D-718075C6D622}.Debug|Any CPU.Build.0 = Debug|Any CPU
		{0A273FF9-8A5B-4F53-8B4D-718075C6D622}.Release|Any CPU.ActiveCfg = Release|Any CPU
		{0A273FF9-8A5B-4F53-8B4D-718075C6D622}.Release|Any CPU.Build.0 = Release|Any CPU
		{E4E4C23B-EB35-4A4D-A069-7E873F2E83F7}.Debug|Any CPU.ActiveCfg = Debug|Any CPU
		{E4E4C23B-EB35-4A4D-A069-7E873F2E83F7}.Debug|Any CPU.Build.0 = Debug|Any CPU
		{E4E4C23B-EB35-4A4D-A069-7E873F2E83F7}.Release|Any CPU.ActiveCfg = Release|Any CPU
		{E4E4C23B-EB35-4A4D-A069-7E873F2E83F7}.Release|Any CPU.Build.0 = Release|Any CPU
		{7D533204-304A-48C6-A995-908136F1DA72}.Debug|Any CPU.ActiveCfg = Debug|Any CPU
		{7D533204-304A-48C6-A995-908136F1DA72}.Debug|Any CPU.Build.0 = Debug|Any CPU
		{7D533204-304A-48C6-A995-908136F1DA72}.Release|Any CPU.ActiveCfg = Release|Any CPU
		{7D533204-304A-48C6-A995-908136F1DA72}.Release|Any CPU.Build.0 = Release|Any CPU
	EndGlobalSection
	GlobalSection(SolutionProperties) = preSolution
		HideSolutionNode = FALSE
	EndGlobalSection
	GlobalSection(NestedProjects) = preSolution
		{67AD59BC-616E-4BCA-AEC1-45717803517D} = {02EA681E-C7D8-13C7-8484-4AC65E1B71E8}
		{92F375CB-44DE-4586-B197-DC8834D11F19} = {02EA681E-C7D8-13C7-8484-4AC65E1B71E8}
		{A1596F20-925A-407E-8444-AB5FE09E4052} = {02EA681E-C7D8-13C7-8484-4AC65E1B71E8}
		{3EDBBBA2-8A3C-403A-A721-0E13DD2AA4E0} = {E6FCE33E-A633-4AD7-9F20-4959396FABE8}
		{1C2B3B65-7368-4341-875C-A9C91E27AA08} = {E6FCE33E-A633-4AD7-9F20-4959396FABE8}
		{2C6FC8B8-7ED5-48DD-B189-84AA2CD6ACA9} = {E6FCE33E-A633-4AD7-9F20-4959396FABE8}
		{F77AFE4D-F88C-4E73-BEC7-A43E70C4D9F9} = {45E8FB8D-E5F3-4F6A-B091-90EAFA41F3CA}
		{27615933-CCE4-4FF6-9B2A-760C1D29E752} = {45E8FB8D-E5F3-4F6A-B091-90EAFA41F3CA}
		{8203DCE3-8814-4C6B-AEB3-D22739C19853} = {45E8FB8D-E5F3-4F6A-B091-90EAFA41F3CA}
		{09243D4F-98FA-4473-B176-8C02BD0100F3} = {F8E2F88B-66D8-4BC7-B99A-C368F6881F6C}
		{D40D8657-3525-4F82-8CCB-9B7A302C2174} = {F8E2F88B-66D8-4BC7-B99A-C368F6881F6C}
		{8089A911-1AE6-4E61-97FD-66EE6D475EC4} = {F8E2F88B-66D8-4BC7-B99A-C368F6881F6C}
		{0A273FF9-8A5B-4F53-8B4D-718075C6D622} = {93F093C5-082B-455D-83F8-954D758679E8}
		{E4E4C23B-EB35-4A4D-A069-7E873F2E83F7} = {93F093C5-082B-455D-83F8-954D758679E8}
		{7D533204-304A-48C6-A995-908136F1DA72} = {93F093C5-082B-455D-83F8-954D758679E8}
	EndGlobalSection
	GlobalSection(ExtensibilityGlobals) = postSolution
		SolutionGuid = {7C1AD5CD-C161-48B6-B33A-C84017095096}
	EndGlobalSection
EndGlobal
